
Microsoft Visual Studio Solution File, Format Version 12.00
# Visual Studio Version 16
VisualStudioVersion = 16.0.29709.97
MinimumVisualStudioVersion = 10.0.40219.1
Project("{2150E333-8FDC-42A3-9474-1A3956D46DE8}") = "Solution Items", "Solution Items", "{A7597E3B-7744-445B-B24C-40BCC25AEDF3}"
EndProject
Project("{9A19103F-16F7-4668-BE54-9A1E7A4F7556}") = "Trs.IntegerMapper", "Trs.IntegerMapper\Trs.IntegerMapper.csproj", "{5D6455E2-84BC-42B1-9752-E0E8DBE2D837}"
EndProject
Project("{9A19103F-16F7-4668-BE54-9A1E7A4F7556}") = "Trs.IntegerMapper.Tests", "Trs.IntegerMapper.Tests\Trs.IntegerMapper.Tests.csproj", "{D8969094-1ED9-49A7-9BAD-05BAC470DF1D}"
EndProject
Project("{FAE04EC0-301F-11D3-BF4B-00C04F79EFBC}") = "Trs.IntegerMapper.SampleApp", "Trs.IntegerMapper.SampleApp\Trs.IntegerMapper.SampleApp.csproj", "{C5A79962-FCA3-4C97-96F5-80FB44807F3F}"
EndProject
Global
	GlobalSection(SolutionConfigurationPlatforms) = preSolution
		Debug|Any CPU = Debug|Any CPU
		Release|Any CPU = Release|Any CPU
	EndGlobalSection
	GlobalSection(ProjectConfigurationPlatforms) = postSolution
		{5D6455E2-84BC-42B1-9752-E0E8DBE2D837}.Debug|Any CPU.ActiveCfg = Debug|Any CPU
		{5D6455E2-84BC-42B1-9752-E0E8DBE2D837}.Debug|Any CPU.Build.0 = Debug|Any CPU
		{5D6455E2-84BC-42B1-9752-E0E8DBE2D837}.Release|Any CPU.ActiveCfg = Release|Any CPU
		{5D6455E2-84BC-42B1-9752-E0E8DBE2D837}.Release|Any CPU.Build.0 = Release|Any CPU
		{D8969094-1ED9-49A7-9BAD-05BAC470DF1D}.Debug|Any CPU.ActiveCfg = Debug|Any CPU
		{D8969094-1ED9-49A7-9BAD-05BAC470DF1D}.Debug|Any CPU.Build.0 = Debug|Any CPU
		{D8969094-1ED9-49A7-9BAD-05BAC470DF1D}.Release|Any CPU.ActiveCfg = Release|Any CPU
		{D8969094-1ED9-49A7-9BAD-05BAC470DF1D}.Release|Any CPU.Build.0 = Release|Any CPU
		{C5A79962-FCA3-4C97-96F5-80FB44807F3F}.Debug|Any CPU.ActiveCfg = Debug|Any CPU
		{C5A79962-FCA3-4C97-96F5-80FB44807F3F}.Debug|Any CPU.Build.0 = Debug|Any CPU
		{C5A79962-FCA3-4C97-96F5-80FB44807F3F}.Release|Any CPU.ActiveCfg = Release|Any CPU
		{C5A79962-FCA3-4C97-96F5-80FB44807F3F}.Release|Any CPU.Build.0 = Release|Any CPU
	EndGlobalSection
	GlobalSection(SolutionProperties) = preSolution
		HideSolutionNode = FALSE
	EndGlobalSection
	GlobalSection(ExtensibilityGlobals) = postSolution
		SolutionGuid = {EE370306-8D3A-4100-9BF1-C493A29B3F72}
	EndGlobalSection
EndGlobal
